
Microsoft Visual Studio Solution File, Format Version 12.00
# Visual Studio Version 16
VisualStudioVersion = 16.0.30711.63
MinimumVisualStudioVersion = 10.0.40219.1
Project("{9A19103F-16F7-4668-BE54-9A1E7A4F7556}") = "fileSearcher", "fileSearcher\fileSearcher.csproj", "{A6543DEA-88C6-4455-88C0-07637BED80C8}"
EndProject
Project("{FAE04EC0-301F-11D3-BF4B-00C04F79EFBC}") = "shop accounting", "..\..\shop accounting\shop accounting\shop accounting.csproj", "{87FD071D-58B8-46AC-A56D-FAFD585EA683}"
EndProject
Project("{FAE04EC0-301F-11D3-BF4B-00C04F79EFBC}") = "ThreadingText", "ThreadingText\ThreadingText.csproj", "{F859D412-CDBB-4881-921E-C8256CAC99B4}"
EndProject
Global
	GlobalSection(SolutionConfigurationPlatforms) = preSolution
		Debug|Any CPU = Debug|Any CPU
		Release|Any CPU = Release|Any CPU
	EndGlobalSection
	GlobalSection(ProjectConfigurationPlatforms) = postSolution
		{A6543DEA-88C6-4455-88C0-07637BED80C8}.Debug|Any CPU.ActiveCfg = Debug|Any CPU
		{A6543DEA-88C6-4455-88C0-07637BED80C8}.Debug|Any CPU.Build.0 = Debug|Any CPU
		{A6543DEA-88C6-4455-88C0-07637BED80C8}.Release|Any CPU.ActiveCfg = Release|Any CPU
		{A6543DEA-88C6-4455-88C0-07637BED80C8}.Release|Any CPU.Build.0 = Release|Any CPU
		{87FD071D-58B8-46AC-A56D-FAFD585EA683}.Debug|Any CPU.ActiveCfg = Debug|Any CPU
		{87FD071D-58B8-46AC-A56D-FAFD585EA683}.Debug|Any CPU.Build.0 = Debug|Any CPU
		{87FD071D-58B8-46AC-A56D-FAFD585EA683}.Release|Any CPU.ActiveCfg = Release|Any CPU
		{87FD071D-58B8-46AC-A56D-FAFD585EA683}.Release|Any CPU.Build.0 = Release|Any CPU
		{F859D412-CDBB-4881-921E-C8256CAC99B4}.Debug|Any CPU.ActiveCfg = Debug|Any CPU
		{F859D412-CDBB-4881-921E-C8256CAC99B4}.Debug|Any CPU.Build.0 = Debug|Any CPU
		{F859D412-CDBB-4881-921E-C8256CAC99B4}.Release|Any CPU.ActiveCfg = Release|Any CPU
		{F859D412-CDBB-4881-921E-C8256CAC99B4}.Release|Any CPU.Build.0 = Release|Any CPU
	EndGlobalSection
	GlobalSection(SolutionProperties) = preSolution
		HideSolutionNode = FALSE
	EndGlobalSection
	GlobalSection(ExtensibilityGlobals) = postSolution
		SolutionGuid = {098CBDE4-3CA9-4E05-A5B9-81D7C6A5CF77}
	EndGlobalSection
EndGlobal
